
Microsoft Visual Studio Solution File, Format Version 12.00
# Visual Studio Version 16
VisualStudioVersion = 16.0.29709.97
MinimumVisualStudioVersion = 10.0.40219.1
Project("{FAE04EC0-301F-11D3-BF4B-00C04F79EFBC}") = "CalculatorApp", "CalculatorApp\CalculatorApp.csproj", "{FEEC7A48-5F8D-461A-9481-7BE942C23427}"
EndProject
Global
	GlobalSection(SolutionConfigurationPlatforms) = preSolution
		Debug|Any CPU = Debug|Any CPU
		Release|Any CPU = Release|Any CPU
	EndGlobalSection
	GlobalSection(ProjectConfigurationPlatforms) = postSolution
		{FEEC7A48-5F8D-461A-9481-7BE942C23427}.Debug|Any CPU.ActiveCfg = Debug|Any CPU
		{FEEC7A48-5F8D-461A-9481-7BE942C23427}.Debug|Any CPU.Build.0 = Debug|Any CPU
		{FEEC7A48-5F8D-461A-9481-7BE942C23427}.Release|Any CPU.ActiveCfg = Release|Any CPU
		{FEEC7A48-5F8D-461A-9481-7BE942C23427}.Release|Any CPU.Build.0 = Release|Any CPU
	EndGlobalSection
	GlobalSection(SolutionProperties) = preSolution
		HideSolutionNode = FALSE
	EndGlobalSection
	GlobalSection(ExtensibilityGlobals) = postSolution
		SolutionGuid = {36926E7F-7D1F-4E5F-B6E8-21942C995010}
	EndGlobalSection
EndGlobal
